{
    "requires": true,
    "lockfileVersion": 1,
    "dependencies": {
        "ckeditor": {
            "version": "4.11.1",
            "resolved": "https://registry.npmjs.org/ckeditor/-/ckeditor-4.11.1.tgz",
            "integrity": "sha512-UhHe02cc/wWJquDQZysEgh0ohLMEMU56zDx+s8prDdjylY/aBDY2xdIiIpbgCBTXdjhrEPIAPyiDS9g3RxYXig=="
        },
        "mdbootstrap": {
            "version": "4.5.12",
            "resolved": "https://registry.npmjs.org/mdbootstrap/-/mdbootstrap-4.5.12.tgz",
            "integrity": "sha512-IwRUWYdoEjZhgJ4wLZPqmni2o0wMmtOtAxTXsctDhozFCjaZqlReYChXSq6dqt42cD3lIBGtUwW2B3gYZyPLMg=="
        }
    }
}
